// !$*UTF8*$!
{
	archiveVersion = 1;
	classes = {
	};
	objectVersion = 56;
	objects = {

/* Begin PBXBuildFile section */
		0ECFFF7029A73FAA007466F7 /* extentions.swift in Sources */ = {isa = PBXBuildFile; fileRef = 0ECFFF6F29A73FAA007466F7 /* extentions.swift */; };
		0ECFFF7229A74227007466F7 /* LogInViewController.swift in Sources */ = {isa = PBXBuildFile; fileRef = 0ECFFF7129A74227007466F7 /* LogInViewController.swift */; };
		0ECFFF7429A77F71007466F7 /* LogInView.swift in Sources */ = {isa = PBXBuildFile; fileRef = 0ECFFF7329A77F71007466F7 /* LogInView.swift */; };
		0ECFFF7629A8F2A0007466F7 /* LogInButton.swift in Sources */ = {isa = PBXBuildFile; fileRef = 0ECFFF7529A8F2A0007466F7 /* LogInButton.swift */; };
		0ECFFF7829A907A8007466F7 /* PostStucture.swift in Sources */ = {isa = PBXBuildFile; fileRef = 0ECFFF7729A907A8007466F7 /* PostStucture.swift */; };
		0ECFFF7B29A911F5007466F7 /* PostTableViewCell.swift in Sources */ = {isa = PBXBuildFile; fileRef = 0ECFFF7A29A911F5007466F7 /* PostTableViewCell.swift */; };
		0EDBC087299A5EFA00B5DACD /* AppDelegate.swift in Sources */ = {isa = PBXBuildFile; fileRef = 0EDBC086299A5EFA00B5DACD /* AppDelegate.swift */; };
		0EDBC089299A5EFA00B5DACD /* SceneDelegate.swift in Sources */ = {isa = PBXBuildFile; fileRef = 0EDBC088299A5EFA00B5DACD /* SceneDelegate.swift */; };
		0EDBC090299A5EFC00B5DACD /* Assets.xcassets in Resources */ = {isa = PBXBuildFile; fileRef = 0EDBC08F299A5EFC00B5DACD /* Assets.xcassets */; };
		0EDBC093299A5EFC00B5DACD /* LaunchScreen.storyboard in Resources */ = {isa = PBXBuildFile; fileRef = 0EDBC091299A5EFC00B5DACD /* LaunchScreen.storyboard */; };
		0EDBC0A1299A7AD400B5DACD /* FeedViewController.swift in Sources */ = {isa = PBXBuildFile; fileRef = 0EDBC0A0299A7AD400B5DACD /* FeedViewController.swift */; };
		0EDBC0A3299A7AF900B5DACD /* ProfileViewController.swift in Sources */ = {isa = PBXBuildFile; fileRef = 0EDBC0A2299A7AF900B5DACD /* ProfileViewController.swift */; };
		0EDBC0A7299A82C700B5DACD /* PostViewController.swift in Sources */ = {isa = PBXBuildFile; fileRef = 0EDBC0A6299A82C700B5DACD /* PostViewController.swift */; };
		0EDBC0A9299A925500B5DACD /* InfoViewController.swift in Sources */ = {isa = PBXBuildFile; fileRef = 0EDBC0A8299A925500B5DACD /* InfoViewController.swift */; };
		0EDBC0AC29A0AD9500B5DACD /* ProfileHeaderView.swift in Sources */ = {isa = PBXBuildFile; fileRef = 0EDBC0AB29A0AD9500B5DACD /* ProfileHeaderView.swift */; };
		0EDBC0B029A10CFE00B5DACD /* MainTabBarController.swift in Sources */ = {isa = PBXBuildFile; fileRef = 0EDBC0AF29A10CFE00B5DACD /* MainTabBarController.swift */; };
/* End PBXBuildFile section */

/* Begin PBXFileReference section */
		0ECFFF6F29A73FAA007466F7 /* extentions.swift */ = {isa = PBXFileReference; lastKnownFileType = sourcecode.swift; path = extentions.swift; sourceTree = "<group>"; };
		0ECFFF7129A74227007466F7 /* LogInViewController.swift */ = {isa = PBXFileReference; lastKnownFileType = sourcecode.swift; path = LogInViewController.swift; sourceTree = "<group>"; };
		0ECFFF7329A77F71007466F7 /* LogInView.swift */ = {isa = PBXFileReference; lastKnownFileType = sourcecode.swift; path = LogInView.swift; sourceTree = "<group>"; };
		0ECFFF7529A8F2A0007466F7 /* LogInButton.swift */ = {isa = PBXFileReference; lastKnownFileType = sourcecode.swift; path = LogInButton.swift; sourceTree = "<group>"; };
		0ECFFF7729A907A8007466F7 /* PostStucture.swift */ = {isa = PBXFileReference; lastKnownFileType = sourcecode.swift; path = PostStucture.swift; sourceTree = "<group>"; };
		0ECFFF7A29A911F5007466F7 /* PostTableViewCell.swift */ = {isa = PBXFileReference; lastKnownFileType = sourcecode.swift; path = PostTableViewCell.swift; sourceTree = "<group>"; };
		0EDBC083299A5EFA00B5DACD /* Navigation.app */ = {isa = PBXFileReference; explicitFileType = wrapper.application; includeInIndex = 0; path = Navigation.app; sourceTree = BUILT_PRODUCTS_DIR; };
		0EDBC086299A5EFA00B5DACD /* AppDelegate.swift */ = {isa = PBXFileReference; lastKnownFileType = sourcecode.swift; path = AppDelegate.swift; sourceTree = "<group>"; };
		0EDBC088299A5EFA00B5DACD /* SceneDelegate.swift */ = {isa = PBXFileReference; lastKnownFileType = sourcecode.swift; path = SceneDelegate.swift; sourceTree = "<group>"; };
		0EDBC08F299A5EFC00B5DACD /* Assets.xcassets */ = {isa = PBXFileReference; lastKnownFileType = folder.assetcatalog; path = Assets.xcassets; sourceTree = "<group>"; };
		0EDBC092299A5EFC00B5DACD /* Base */ = {isa = PBXFileReference; lastKnownFileType = file.storyboard; name = Base; path = Base.lproj/LaunchScreen.storyboard; sourceTree = "<group>"; };
		0EDBC094299A5EFC00B5DACD /* Info.plist */ = {isa = PBXFileReference; lastKnownFileType = text.plist.xml; path = Info.plist; sourceTree = "<group>"; };
		0EDBC0A0299A7AD400B5DACD /* FeedViewController.swift */ = {isa = PBXFileReference; lastKnownFileType = sourcecode.swift; path = FeedViewController.swift; sourceTree = "<group>"; };
		0EDBC0A2299A7AF900B5DACD /* ProfileViewController.swift */ = {isa = PBXFileReference; lastKnownFileType = sourcecode.swift; path = ProfileViewController.swift; sourceTree = "<group>"; };
		0EDBC0A6299A82C700B5DACD /* PostViewController.swift */ = {isa = PBXFileReference; lastKnownFileType = sourcecode.swift; path = PostViewController.swift; sourceTree = "<group>"; };
		0EDBC0A8299A925500B5DACD /* InfoViewController.swift */ = {isa = PBXFileReference; lastKnownFileType = sourcecode.swift; path = InfoViewController.swift; sourceTree = "<group>"; };
		0EDBC0AB29A0AD9500B5DACD /* ProfileHeaderView.swift */ = {isa = PBXFileReference; lastKnownFileType = sourcecode.swift; path = ProfileHeaderView.swift; sourceTree = "<group>"; };
		0EDBC0AF29A10CFE00B5DACD /* MainTabBarController.swift */ = {isa = PBXFileReference; lastKnownFileType = sourcecode.swift; path = MainTabBarController.swift; sourceTree = "<group>"; };
/* End PBXFileReference section */

/* Begin PBXFrameworksBuildPhase section */
		0EDBC080299A5EFA00B5DACD /* Frameworks */ = {
			isa = PBXFrameworksBuildPhase;
			buildActionMask = 2147483647;
			files = (
			);
			runOnlyForDeploymentPostprocessing = 0;
		};
/* End PBXFrameworksBuildPhase section */

/* Begin PBXGroup section */
		0ECFFF7929A911C8007466F7 /* Post */ = {
			isa = PBXGroup;
			children = (
				0ECFFF7729A907A8007466F7 /* PostStucture.swift */,
				0ECFFF7A29A911F5007466F7 /* PostTableViewCell.swift */,
			);
			path = Post;
			sourceTree = "<group>";
		};
		0EDBC07A299A5EFA00B5DACD = {
			isa = PBXGroup;
			children = (
				0EDBC085299A5EFA00B5DACD /* Navigation */,
				0EDBC084299A5EFA00B5DACD /* Products */,
			);
			sourceTree = "<group>";
		};
		0EDBC084299A5EFA00B5DACD /* Products */ = {
			isa = PBXGroup;
			children = (
				0EDBC083299A5EFA00B5DACD /* Navigation.app */,
			);
			name = Products;
			sourceTree = "<group>";
		};
		0EDBC085299A5EFA00B5DACD /* Navigation */ = {
			isa = PBXGroup;
			children = (
				0EDBC0AA29A0AD4F00B5DACD /* Profile */,
				0EDBC086299A5EFA00B5DACD /* AppDelegate.swift */,
				0EDBC088299A5EFA00B5DACD /* SceneDelegate.swift */,
				0EDBC0AF29A10CFE00B5DACD /* MainTabBarController.swift */,
				0EDBC0A6299A82C700B5DACD /* PostViewController.swift */,
				0EDBC0A8299A925500B5DACD /* InfoViewController.swift */,
				0EDBC0A0299A7AD400B5DACD /* FeedViewController.swift */,
				0ECFFF6F29A73FAA007466F7 /* extentions.swift */,
				0EDBC08F299A5EFC00B5DACD /* Assets.xcassets */,
				0EDBC091299A5EFC00B5DACD /* LaunchScreen.storyboard */,
				0EDBC094299A5EFC00B5DACD /* Info.plist */,
			);
			path = Navigation;
			sourceTree = "<group>";
		};
		0EDBC0AA29A0AD4F00B5DACD /* Profile */ = {
			isa = PBXGroup;
			children = (
				0ECFFF7929A911C8007466F7 /* Post */,
				0EDBC0AB29A0AD9500B5DACD /* ProfileHeaderView.swift */,
				0EDBC0A2299A7AF900B5DACD /* ProfileViewController.swift */,
				0ECFFF7129A74227007466F7 /* LogInViewController.swift */,
				0ECFFF7329A77F71007466F7 /* LogInView.swift */,
				0ECFFF7529A8F2A0007466F7 /* LogInButton.swift */,
			);
			path = Profile;
			sourceTree = "<group>";
		};
/* End PBXGroup section */

/* Begin PBXNativeTarget section */
		0EDBC082299A5EFA00B5DACD /* Navigation */ = {
			isa = PBXNativeTarget;
			buildConfigurationList = 0EDBC097299A5EFC00B5DACD /* Build configuration list for PBXNativeTarget "Navigation" */;
			buildPhases = (
				0EDBC07F299A5EFA00B5DACD /* Sources */,
				0EDBC080299A5EFA00B5DACD /* Frameworks */,
				0EDBC081299A5EFA00B5DACD /* Resources */,
			);
			buildRules = (
			);
			dependencies = (
			);
			name = Navigation;
			productName = Navigation;
			productReference = 0EDBC083299A5EFA00B5DACD /* Navigation.app */;
			productType = "com.apple.product-type.application";
		};
/* End PBXNativeTarget section */

/* Begin PBXProject section */
		0EDBC07B299A5EFA00B5DACD /* Project object */ = {
			isa = PBXProject;
			attributes = {
				BuildIndependentTargetsInParallel = 1;
				LastSwiftUpdateCheck = 1410;
				LastUpgradeCheck = 1410;
				TargetAttributes = {
					0EDBC082299A5EFA00B5DACD = {
						CreatedOnToolsVersion = 14.1;
					};
				};
			};
			buildConfigurationList = 0EDBC07E299A5EFA00B5DACD /* Build configuration list for PBXProject "Navigation" */;
			compatibilityVersion = "Xcode 14.0";
			developmentRegion = en;
			hasScannedForEncodings = 0;
			knownRegions = (
				en,
				Base,
			);
			mainGroup = 0EDBC07A299A5EFA00B5DACD;
			productRefGroup = 0EDBC084299A5EFA00B5DACD /* Products */;
			projectDirPath = "";
			projectRoot = "";
			targets = (
				0EDBC082299A5EFA00B5DACD /* Navigation */,
			);
		};
/* End PBXProject section */

/* Begin PBXResourcesBuildPhase section */
		0EDBC081299A5EFA00B5DACD /* Resources */ = {
			isa = PBXResourcesBuildPhase;
			buildActionMask = 2147483647;
			files = (
				0EDBC093299A5EFC00B5DACD /* LaunchScreen.storyboard in Resources */,
				0EDBC090299A5EFC00B5DACD /* Assets.xcassets in Resources */,
			);
			runOnlyForDeploymentPostprocessing = 0;
		};
/* End PBXResourcesBuildPhase section */

/* Begin PBXSourcesBuildPhase section */
		0EDBC07F299A5EFA00B5DACD /* Sources */ = {
			isa = PBXSourcesBuildPhase;
			buildActionMask = 2147483647;
			files = (
				0ECFFF7829A907A8007466F7 /* PostStucture.swift in Sources */,
				0EDBC087299A5EFA00B5DACD /* AppDelegate.swift in Sources */,
				0EDBC0A3299A7AF900B5DACD /* ProfileViewController.swift in Sources */,
				0EDBC0B029A10CFE00B5DACD /* MainTabBarController.swift in Sources */,
				0ECFFF7029A73FAA007466F7 /* extentions.swift in Sources */,
				0ECFFF7B29A911F5007466F7 /* PostTableViewCell.swift in Sources */,
				0EDBC0A1299A7AD400B5DACD /* FeedViewController.swift in Sources */,
				0ECFFF7629A8F2A0007466F7 /* LogInButton.swift in Sources */,
				0EDBC089299A5EFA00B5DACD /* SceneDelegate.swift in Sources */,
				0EDBC0AC29A0AD9500B5DACD /* ProfileHeaderView.swift in Sources */,
				0EDBC0A9299A925500B5DACD /* InfoViewController.swift in Sources */,
				0ECFFF7429A77F71007466F7 /* LogInView.swift in Sources */,
				0ECFFF7229A74227007466F7 /* LogInViewController.swift in Sources */,
				0EDBC0A7299A82C700B5DACD /* PostViewController.swift in Sources */,
			);
			runOnlyForDeploymentPostprocessing = 0;
		};
/* End PBXSourcesBuildPhase section */

/* Begin PBXVariantGroup section */
		0EDBC091299A5EFC00B5DACD /* LaunchScreen.storyboard */ = {
			isa = PBXVariantGroup;
			children = (
				0EDBC092299A5EFC00B5DACD /* Base */,
			);
			name = LaunchScreen.storyboard;
			sourceTree = "<group>";
		};
/* End PBXVariantGroup section */

/* Begin XCBuildConfiguration section */
		0EDBC095299A5EFC00B5DACD /* Debug */ = {
			isa = XCBuildConfiguration;
			buildSettings = {
				ALWAYS_SEARCH_USER_PATHS = NO;
				CLANG_ANALYZER_NONNULL = YES;
				CLANG_ANALYZER_NUMBER_OBJECT_CONVERSION = YES_AGGRESSIVE;
				CLANG_CXX_LANGUAGE_STANDARD = "gnu++20";
				CLANG_ENABLE_MODULES = YES;
				CLANG_ENABLE_OBJC_ARC = YES;
				CLANG_ENABLE_OBJC_WEAK = YES;
				CLANG_WARN_BLOCK_CAPTURE_AUTORELEASING = YES;
				CLANG_WARN_BOOL_CONVERSION = YES;
				CLANG_WARN_COMMA = YES;
				CLANG_WARN_CONSTANT_CONVERSION = YES;
				CLANG_WARN_DEPRECATED_OBJC_IMPLEMENTATIONS = YES;
				CLANG_WARN_DIRECT_OBJC_ISA_USAGE = YES_ERROR;
				CLANG_WARN_DOCUMENTATION_COMMENTS = YES;
				CLANG_WARN_EMPTY_BODY = YES;
				CLANG_WARN_ENUM_CONVERSION = YES;
				CLANG_WARN_INFINITE_RECURSION = YES;
				CLANG_WARN_INT_CONVERSION = YES;
				CLANG_WARN_NON_LITERAL_NULL_CONVERSION = YES;
				CLANG_WARN_OBJC_IMPLICIT_RETAIN_SELF = YES;
				CLANG_WARN_OBJC_LITERAL_CONVERSION = YES;
				CLANG_WARN_OBJC_ROOT_CLASS = YES_ERROR;
				CLANG_WARN_QUOTED_INCLUDE_IN_FRAMEWORK_HEADER = YES;
				CLANG_WARN_RANGE_LOOP_ANALYSIS = YES;
				CLANG_WARN_STRICT_PROTOTYPES = YES;
				CLANG_WARN_SUSPICIOUS_MOVE = YES;
				CLANG_WARN_UNGUARDED_AVAILABILITY = YES_AGGRESSIVE;
				CLANG_WARN_UNREACHABLE_CODE = YES;
				CLANG_WARN__DUPLICATE_METHOD_MATCH = YES;
				COPY_PHASE_STRIP = NO;
				DEBUG_INFORMATION_FORMAT = dwarf;
				ENABLE_STRICT_OBJC_MSGSEND = YES;
				ENABLE_TESTABILITY = YES;
				GCC_C_LANGUAGE_STANDARD = gnu11;
				GCC_DYNAMIC_NO_PIC = NO;
				GCC_NO_COMMON_BLOCKS = YES;
				GCC_OPTIMIZATION_LEVEL = 0;
				GCC_PREPROCESSOR_DEFINITIONS = (
					"DEBUG=1",
					"$(inherited)",
				);
				GCC_WARN_64_TO_32_BIT_CONVERSION = YES;
				GCC_WARN_ABOUT_RETURN_TYPE = YES_ERROR;
				GCC_WARN_UNDECLARED_SELECTOR = YES;
				GCC_WARN_UNINITIALIZED_AUTOS = YES_AGGRESSIVE;
				GCC_WARN_UNUSED_FUNCTION = YES;
				GCC_WARN_UNUSED_VARIABLE = YES;
				IPHONEOS_DEPLOYMENT_TARGET = 16.1;
				MTL_ENABLE_DEBUG_INFO = INCLUDE_SOURCE;
				MTL_FAST_MATH = YES;
				ONLY_ACTIVE_ARCH = YES;
				SDKROOT = iphoneos;
				SWIFT_ACTIVE_COMPILATION_CONDITIONS = DEBUG;
				SWIFT_OPTIMIZATION_LEVEL = "-Onone";
			};
			name = Debug;
		};
		0EDBC096299A5EFC00B5DACD /* Release */ = {
			isa = XCBuildConfiguration;
			buildSettings = {
				ALWAYS_SEARCH_USER_PATHS = NO;
				CLANG_ANALYZER_NONNULL = YES;
				CLANG_ANALYZER_NUMBER_OBJECT_CONVERSION = YES_AGGRESSIVE;
				CLANG_CXX_LANGUAGE_STANDARD = "gnu++20";
				CLANG_ENABLE_MODULES = YES;
				CLANG_ENABLE_OBJC_ARC = YES;
				CLANG_ENABLE_OBJC_WEAK = YES;
				CLANG_WARN_BLOCK_CAPTURE_AUTORELEASING = YES;
				CLANG_WARN_BOOL_CONVERSION = YES;
				CLANG_WARN_COMMA = YES;
				CLANG_WARN_CONSTANT_CONVERSION = YES;
				CLANG_WARN_DEPRECATED_OBJC_IMPLEMENTATIONS = YES;
				CLANG_WARN_DIRECT_OBJC_ISA_USAGE = YES_ERROR;
				CLANG_WARN_DOCUMENTATION_COMMENTS = YES;
				CLANG_WARN_EMPTY_BODY = YES;
				CLANG_WARN_ENUM_CONVERSION = YES;
				CLANG_WARN_INFINITE_RECURSION = YES;
				CLANG_WARN_INT_CONVERSION = YES;
				CLANG_WARN_NON_LITERAL_NULL_CONVERSION = YES;
				CLANG_WARN_OBJC_IMPLICIT_RETAIN_SELF = YES;
				CLANG_WARN_OBJC_LITERAL_CONVERSION = YES;
				CLANG_WARN_OBJC_ROOT_CLASS = YES_ERROR;
				CLANG_WARN_QUOTED_INCLUDE_IN_FRAMEWORK_HEADER = YES;
				CLANG_WARN_RANGE_LOOP_ANALYSIS = YES;
				CLANG_WARN_STRICT_PROTOTYPES = YES;
				CLANG_WARN_SUSPICIOUS_MOVE = YES;
				CLANG_WARN_UNGUARDED_AVAILABILITY = YES_AGGRESSIVE;
				CLANG_WARN_UNREACHABLE_CODE = YES;
				CLANG_WARN__DUPLICATE_METHOD_MATCH = YES;
				COPY_PHASE_STRIP = NO;
				DEBUG_INFORMATION_FORMAT = "dwarf-with-dsym";
				ENABLE_NS_ASSERTIONS = NO;
				ENABLE_STRICT_OBJC_MSGSEND = YES;
				GCC_C_LANGUAGE_STANDARD = gnu11;
				GCC_NO_COMMON_BLOCKS = YES;
				GCC_WARN_64_TO_32_BIT_CONVERSION = YES;
				GCC_WARN_ABOUT_RETURN_TYPE = YES_ERROR;
				GCC_WARN_UNDECLARED_SELECTOR = YES;
				GCC_WARN_UNINITIALIZED_AUTOS = YES_AGGRESSIVE;
				GCC_WARN_UNUSED_FUNCTION = YES;
				GCC_WARN_UNUSED_VARIABLE = YES;
				IPHONEOS_DEPLOYMENT_TARGET = 16.1;
				MTL_ENABLE_DEBUG_INFO = NO;
				MTL_FAST_MATH = YES;
				SDKROOT = iphoneos;
				SWIFT_COMPILATION_MODE = wholemodule;
				SWIFT_OPTIMIZATION_LEVEL = "-O";
				VALIDATE_PRODUCT = YES;
			};
			name = Release;
		};
		0EDBC098299A5EFC00B5DACD /* Debug */ = {
			isa = XCBuildConfiguration;
			buildSettings = {
				ASSETCATALOG_COMPILER_APPICON_NAME = AppIcon;
				ASSETCATALOG_COMPILER_GLOBAL_ACCENT_COLOR_NAME = AccentColor;
				CODE_SIGN_STYLE = Automatic;
				CURRENT_PROJECT_VERSION = 1;
				GENERATE_INFOPLIST_FILE = YES;
				INFOPLIST_FILE = Navigation/Info.plist;
				INFOPLIST_KEY_UIApplicationSupportsIndirectInputEvents = YES;
				INFOPLIST_KEY_UILaunchStoryboardName = LaunchScreen;
				INFOPLIST_KEY_UISupportedInterfaceOrientations_iPad = "UIInterfaceOrientationPortrait UIInterfaceOrientationPortraitUpsideDown UIInterfaceOrientationLandscapeLeft UIInterfaceOrientationLandscapeRight";
				INFOPLIST_KEY_UISupportedInterfaceOrientations_iPhone = "UIInterfaceOrientationPortrait UIInterfaceOrientationLandscapeLeft UIInterfaceOrientationLandscapeRight";
				LD_RUNPATH_SEARCH_PATHS = (
					"$(inherited)",
					"@executable_path/Frameworks",
				);
				MARKETING_VERSION = 1.0;
				PRODUCT_BUNDLE_IDENTIFIER = HomeWork.Navigation;
				PRODUCT_NAME = "$(TARGET_NAME)";
				SWIFT_EMIT_LOC_STRINGS = YES;
				SWIFT_VERSION = 5.0;
				TARGETED_DEVICE_FAMILY = "1,2";
			};
			name = Debug;
		};
		0EDBC099299A5EFC00B5DACD /* Release */ = {
			isa = XCBuildConfiguration;
			buildSettings = {
				ASSETCATALOG_COMPILER_APPICON_NAME = AppIcon;
				ASSETCATALOG_COMPILER_GLOBAL_ACCENT_COLOR_NAME = AccentColor;
				CODE_SIGN_STYLE = Automatic;
				CURRENT_PROJECT_VERSION = 1;
				GENERATE_INFOPLIST_FILE = YES;
				INFOPLIST_FILE = Navigation/Info.plist;
				INFOPLIST_KEY_UIApplicationSupportsIndirectInputEvents = YES;
				INFOPLIST_KEY_UILaunchStoryboardName = LaunchScreen;
				INFOPLIST_KEY_UISupportedInterfaceOrientations_iPad = "UIInterfaceOrientationPortrait UIInterfaceOrientationPortraitUpsideDown UIInterfaceOrientationLandscapeLeft UIInterfaceOrientationLandscapeRight";
				INFOPLIST_KEY_UISupportedInterfaceOrientations_iPhone = "UIInterfaceOrientationPortrait UIInterfaceOrientationLandscapeLeft UIInterfaceOrientationLandscapeRight";
				LD_RUNPATH_SEARCH_PATHS = (
					"$(inherited)",
					"@executable_path/Frameworks",
				);
				MARKETING_VERSION = 1.0;
				PRODUCT_BUNDLE_IDENTIFIER = HomeWork.Navigation;
				PRODUCT_NAME = "$(TARGET_NAME)";
				SWIFT_EMIT_LOC_STRINGS = YES;
				SWIFT_VERSION = 5.0;
				TARGETED_DEVICE_FAMILY = "1,2";
			};
			name = Release;
		};
/* End XCBuildConfiguration section */

/* Begin XCConfigurationList section */
		0EDBC07E299A5EFA00B5DACD /* Build configuration list for PBXProject "Navigation" */ = {
			isa = XCConfigurationList;
			buildConfigurations = (
				0EDBC095299A5EFC00B5DACD /* Debug */,
				0EDBC096299A5EFC00B5DACD /* Release */,
			);
			defaultConfigurationIsVisible = 0;
			defaultConfigurationName = Release;
		};
		0EDBC097299A5EFC00B5DACD /* Build configuration list for PBXNativeTarget "Navigation" */ = {
			isa = XCConfigurationList;
			buildConfigurations = (
				0EDBC098299A5EFC00B5DACD /* Debug */,
				0EDBC099299A5EFC00B5DACD /* Release */,
			);
			defaultConfigurationIsVisible = 0;
			defaultConfigurationName = Release;
		};
/* End XCConfigurationList section */
	};
	rootObject = 0EDBC07B299A5EFA00B5DACD /* Project object */;
}
